{
  "name": "polymer-starter-kit",
  "version": "4.0.0",
  "lockfileVersion": 1,
  "requires": true,
  "dependencies": {
    "@polymer/app-layout": {
      "version": "3.0.0-pre.18",
      "resolved": "https://registry.npmjs.org/@polymer/app-layout/-/app-layout-3.0.0-pre.18.tgz",
      "integrity": "sha512-wzTVcJNk4smgbZzw8COAIGPw52XL+URg0awW+byxB7NTvm6YID7/hcJmX+8KLAaxB2oA4Ymq7Lgsc90UGijNZw==",
      "requires": {
        "@polymer/iron-flex-layout": "^3.0.0-pre.18",
        "@polymer/iron-media-query": "^3.0.0-pre.18",
        "@polymer/iron-resizable-behavior": "^3.0.0-pre.18",
        "@polymer/iron-scroll-target-behavior": "^3.0.0-pre.18",
        "@polymer/polymer": "^3.0.0"
      }
    },
    "@polymer/app-route": {
      "version": "3.0.0-pre.18",
      "resolved": "https://registry.npmjs.org/@polymer/app-route/-/app-route-3.0.0-pre.18.tgz",
      "integrity": "sha512-GnLwqLHFxyfVWPmwQLw3NBfdSgSfTZilVSRnAIOlXt7Mk0XzWC97dTcY6ncna8vdvrNWXYxbQFAHhBHtbWsxDw==",
      "requires": {
        "@polymer/iron-location": "^3.0.0-pre.18",
        "@polymer/polymer": "^3.0.0"
      }
    },
    "@polymer/font-roboto": {
      "version": "3.0.0-pre.18",
      "resolved": "https://registry.npmjs.org/@polymer/font-roboto/-/font-roboto-3.0.0-pre.18.tgz",
      "integrity": "sha512-ZTP+ZVQBAwU1N0fP8p2UNjOK6rEEwgCJz2wWVm7wzJbcC+W28bM14Faf0bNWCIbtEs5DkF4JMYhdDaMhWyj9Qg=="
    },
    "@polymer/iron-a11y-keys-behavior": {
      "version": "3.0.0-pre.18",
      "resolved": "https://registry.npmjs.org/@polymer/iron-a11y-keys-behavior/-/iron-a11y-keys-behavior-3.0.0-pre.18.tgz",
      "integrity": "sha512-IUFAUhtY0cVjBkQyI8G9vvehfcf0zZBcs1NYbD3G5rGBP7WrK6wt8NUOrJC5byzAL+fSx1lxU+quenqPOOXFhw==",
      "requires": {
        "@polymer/polymer": "^3.0.0"
      }
    },
    "@polymer/iron-behaviors": {
      "version": "3.0.0-pre.18",
      "resolved": "https://registry.npmjs.org/@polymer/iron-behaviors/-/iron-behaviors-3.0.0-pre.18.tgz",
      "integrity": "sha512-SBP9aihYdTUChajX/j72vXuXVZrGgUgDENCG1px30r23WPJ2xLjxgJp2R5ZIHKpUH4mnfoOSLxW/FLasKSQ2kw==",
      "requires": {
        "@polymer/iron-a11y-keys-behavior": "^3.0.0-pre.18",
        "@polymer/polymer": "^3.0.0"
      }
    },
    "@polymer/iron-checked-element-behavior": {
      "version": "3.0.0-pre.18",
      "resolved": "https://registry.npmjs.org/@polymer/iron-checked-element-behavior/-/iron-checked-element-behavior-3.0.0-pre.18.tgz",
      "integrity": "sha512-dT3Gkncw4aKrbxLuGaZI3QYHOoG94IIJ3o2tpslMNj4yc4TF2RGqaa9Zuhl4IO0kiEoT3nhgiX0kz+b/lWZm1g==",
      "requires": {
        "@polymer/iron-form-element-behavior": "^3.0.0-pre.18",
        "@polymer/iron-validatable-behavior": "^3.0.0-pre.18",
        "@polymer/polymer": "^3.0.0"
      }
    },
    "@polymer/iron-flex-layout": {
      "version": "3.0.0-pre.18",
      "resolved": "https://registry.npmjs.org/@polymer/iron-flex-layout/-/iron-flex-layout-3.0.0-pre.18.tgz",
      "integrity": "sha512-65Maebhjj0lY2hlNH6J0DJM0TY9e9ErPdy0u/t269UCptGbXdsHg7tIJX3b0GWzLfZ8klcYGr0H3RpEXh/dfKw==",
      "requires": {
        "@polymer/polymer": "^3.0.0"
      }
    },
    "@polymer/iron-form-element-behavior": {
      "version": "3.0.0-pre.18",
      "resolved": "https://registry.npmjs.org/@polymer/iron-form-element-behavior/-/iron-form-element-behavior-3.0.0-pre.18.tgz",
      "integrity": "sha512-Ll8XJTpdVc3RVkgU7rK2fCs8L0+uIpq4PtaG57/w9iOagK/AhzhiZNWJciCur7+kEp1d8vI+t4FIR4C4+0/Iqw==",
      "requires": {
        "@polymer/polymer": "^3.0.0"
      }
    },
    "@polymer/iron-icon": {
      "version": "3.0.0-pre.18",
      "resolved": "https://registry.npmjs.org/@polymer/iron-icon/-/iron-icon-3.0.0-pre.18.tgz",
      "integrity": "sha512-h6CP4lYC7zfBuzHPENsWCwn4APbmm54ltLV3Ldufl7s1hAUqZpc+e0PAZp1FCKXmSeYFhX6tjENMYSHjfCMhIA==",
      "requires": {
        "@polymer/iron-flex-layout": "^3.0.0-pre.18",
        "@polymer/iron-meta": "^3.0.0-pre.18",
        "@polymer/polymer": "^3.0.0"
      }
    },
    "@polymer/iron-iconset-svg": {
      "version": "3.0.0-pre.18",
      "resolved": "https://registry.npmjs.org/@polymer/iron-iconset-svg/-/iron-iconset-svg-3.0.0-pre.18.tgz",
      "integrity": "sha512-jBeUr3vbQ69rKmOnXtykzEkQ3mTXMbUd5LANamu3f5rVKsXiElCRed80Qp8mtp2D5d6btpfeQrMr2WT4wY0BDQ==",
      "requires": {
        "@polymer/iron-meta": "^3.0.0-pre.18",
        "@polymer/polymer": "^3.0.0"
      }
    },
    "@polymer/iron-location": {
      "version": "3.0.0-pre.18",
      "resolved": "https://registry.npmjs.org/@polymer/iron-location/-/iron-location-3.0.0-pre.18.tgz",
      "integrity": "sha512-DNDgFcroxLvW6XqRVybWt3kgXzHcV5wdUo69MOYppHTTZhOG/sFVjiPJUzYsB9UkXzHJ5z/k+xRLHzPC0w7SbA==",
      "requires": {
        "@polymer/polymer": "^3.0.0"
      }
    },
    "@polymer/iron-media-query": {
      "version": "3.0.0-pre.18",
      "resolved": "https://registry.npmjs.org/@polymer/iron-media-query/-/iron-media-query-3.0.0-pre.18.tgz",
      "integrity": "sha512-oArBVzxNO39rHQ93GuTNt4y961708z5X8D5pH1pbV9sLgz8YiQAFqxSc2wDzidyXjULWJ8gnLLurni6gc0MnLA==",
      "requires": {
        "@polymer/polymer": "^3.0.0"
      }
    },
    "@polymer/iron-meta": {
      "version": "3.0.0-pre.18",
      "resolved": "https://registry.npmjs.org/@polymer/iron-meta/-/iron-meta-3.0.0-pre.18.tgz",
      "integrity": "sha512-mxfAkOwC1JLXwLN7tHb+YFSGvBPkuB6RT9Qshs6FeLUx9rY3LkkBc5WK3rX0Wgnm0gz3DzUNrGRDZbZJj0OezQ==",
      "requires": {
        "@polymer/polymer": "^3.0.0"
      }
    },
    "@polymer/iron-pages": {
      "version": "3.0.0-pre.18",
      "resolved": "https://registry.npmjs.org/@polymer/iron-pages/-/iron-pages-3.0.0-pre.18.tgz",
      "integrity": "sha512-NrrnnUE7YZ04t2tNaTrhi4J+5jIVCQ25Jn4x9IU5HwHxlyQoOiY7301SfexV4Hfmu0oxO9cnzgj2LaRbb3Mwjg==",
      "requires": {
        "@polymer/iron-resizable-behavior": "^3.0.0-pre.18",
        "@polymer/iron-selector": "^3.0.0-pre.18",
        "@polymer/polymer": "^3.0.0"
      }
    },
    "@polymer/iron-resizable-behavior": {
      "version": "3.0.0-pre.18",
      "resolved": "https://registry.npmjs.org/@polymer/iron-resizable-behavior/-/iron-resizable-behavior-3.0.0-pre.18.tgz",
      "integrity": "sha512-hvdZLOmLwMzzPOOiMZzMIk6Qq1mJweRrbjxWoWZGe4wx8EY5EiGbHpuTtDDyZIs20FdezYKZycQiarP96gZ4ug==",
      "requires": {
        "@polymer/polymer": "^3.0.0"
      }
    },
    "@polymer/iron-scroll-target-behavior": {
      "version": "3.0.0-pre.18",
      "resolved": "https://registry.npmjs.org/@polymer/iron-scroll-target-behavior/-/iron-scroll-target-behavior-3.0.0-pre.18.tgz",
      "integrity": "sha512-whb7H1we0rlJ1DtvMNC889rEF4PkFh52Jy0fODa01ucxYI9wFAf2xMV5d+uZfJ2cbFKGKO/AdmQqv2j3rXbakg==",
      "requires": {
        "@polymer/polymer": "^3.0.0"
      }
    },
    "@polymer/iron-selector": {
      "version": "3.0.0-pre.18",
      "resolved": "https://registry.npmjs.org/@polymer/iron-selector/-/iron-selector-3.0.0-pre.18.tgz",
      "integrity": "sha512-w8vmPqjDiUXpFaEiaF+6Ds0cngdUxxIxOG4vN8mEEWT90McMCQqSi8xlM7ri8uNejbjzsVrDm5P55YMm+MV3jQ==",
      "requires": {
        "@polymer/polymer": "^3.0.0"
      }
    },
    "@polymer/iron-validatable-behavior": {
      "version": "3.0.0-pre.18",
      "resolved": "https://registry.npmjs.org/@polymer/iron-validatable-behavior/-/iron-validatable-behavior-3.0.0-pre.18.tgz",
      "integrity": "sha512-saLGIrhSjwpc543tL92rEfQfWhCcsw+jgvA5BENCWAhlqkP962umyjMihboKz1la3b0KJ54Psko9Mq19x5VQuQ==",
      "requires": {
        "@polymer/iron-meta": "^3.0.0-pre.18",
        "@polymer/polymer": "^3.0.0"
      }
    },
    "@polymer/paper-behaviors": {
      "version": "3.0.0-pre.18",
      "resolved": "https://registry.npmjs.org/@polymer/paper-behaviors/-/paper-behaviors-3.0.0-pre.18.tgz",
      "integrity": "sha512-BV8LfSFNy8wHHXBD6RxrXIF3UysSNEpBz5lbgpHJjfeFNvxOebIpvQEYquCr4PTaJ2kyDKqH0t0DIdRaDUVKoA==",
      "requires": {
        "@polymer/iron-behaviors": "^3.0.0-pre.18",
        "@polymer/iron-checked-element-behavior": "^3.0.0-pre.18",
        "@polymer/paper-ripple": "^3.0.0-pre.18",
        "@polymer/polymer": "^3.0.0"
      }
    },
    "@polymer/paper-icon-button": {
      "version": "3.0.0-pre.18",
      "resolved": "https://registry.npmjs.org/@polymer/paper-icon-button/-/paper-icon-button-3.0.0-pre.18.tgz",
      "integrity": "sha512-OlPiZERWwFjSxNDg5nSjQHMZeEbD8N2rik2FX2KiaZ3Ny1rsLqDpezPQ88hr6ysxrs3UG1jaBaURmM/bF2cHjw==",
      "requires": {
        "@polymer/iron-icon": "^3.0.0-pre.18",
        "@polymer/paper-behaviors": "^3.0.0-pre.18",
        "@polymer/paper-styles": "^3.0.0-pre.18",
        "@polymer/polymer": "^3.0.0"
      }
    },
    "@polymer/paper-ripple": {
      "version": "3.0.0-pre.18",
      "resolved": "https://registry.npmjs.org/@polymer/paper-ripple/-/paper-ripple-3.0.0-pre.18.tgz",
      "integrity": "sha512-5zZT3l3PShVz7GnJtku4vAs/V/J/ZMwjKK7KT52H7VMJJnFHcMaaGvrtBndjHFESzHMvZ4v2goc+ZkMjTLrqvg==",
      "requires": {
        "@polymer/iron-a11y-keys-behavior": "^3.0.0-pre.18",
        "@polymer/polymer": "^3.0.0"
      }
    },
    "@polymer/paper-styles": {
      "version": "3.0.0-pre.18",
      "resolved": "https://registry.npmjs.org/@polymer/paper-styles/-/paper-styles-3.0.0-pre.18.tgz",
      "integrity": "sha512-JnRBa6XarN742dlDgUlEvCbJgOHiZsBWT9p3lbaLiCkEYJteBNSNOyL2/HAxVd2YkH4DchcVWYPDOfc4xOBu1A==",
      "requires": {
        "@polymer/font-roboto": "^3.0.0-pre.18",
        "@polymer/iron-flex-layout": "^3.0.0-pre.18",
        "@polymer/polymer": "^3.0.0"
      }
    },
    "@polymer/polymer": {
      "version": "3.0.2",
      "resolved": "https://registry.npmjs.org/@polymer/polymer/-/polymer-3.0.2.tgz",
      "integrity": "sha512-ow8AAjTe9ps8bantY9IvL0PT+xHf5VN3Cjahfr7gBJAc0lv3jTwGBv7pso65SHyrUJEEHeakhx6iPMl7qY4tfw==",
      "requires": {
        "@webcomponents/shadycss": "^1.2.0"
      }
    },
    "@webcomponents/shadycss": {
      "version": "1.2.0",
      "resolved": "https://registry.npmjs.org/@webcomponents/shadycss/-/shadycss-1.2.0.tgz",
      "integrity": "sha512-ZkqUkqZAn+vQlxB4bgZ0aOfAgxpISsD9kUcPgKmeXze5PRVCRVwVje33GqA2OYYWSrwcq1JwWx+JscW3kLl4SQ=="
    },
    "@webcomponents/webcomponentsjs": {
      "version": "2.0.0",
      "resolved": "https://registry.npmjs.org/@webcomponents/webcomponentsjs/-/webcomponentsjs-2.0.0.tgz",
      "integrity": "sha512-f6izmesHd8E+rL32tftlXZmz1EAL+lLn8AUex0mJFLe39z53iTFNCqxAYsMmCA/QSGP+8X6D1it/JbuVl1jOHA=="
    }
  }
}
